
Microsoft Visual Studio Solution File, Format Version 12.00
# Visual Studio Version 17
VisualStudioVersion = 17.5.33502.453
MinimumVisualStudioVersion = 10.0.40219.1
Project("{FAE04EC0-301F-11D3-BF4B-00C04F79EFBC}") = "Disconnected", "Disconnected\Disconnected.csproj", "{A98BABF1-9B0F-480D-A43E-9A1251C8A31A}"
EndProject
Global
	GlobalSection(SolutionConfigurationPlatforms) = preSolution
		Debug|Any CPU = Debug|Any CPU
		Release|Any CPU = Release|Any CPU
	EndGlobalSection
	GlobalSection(ProjectConfigurationPlatforms) = postSolution
		{A98BABF1-9B0F-480D-A43E-9A1251C8A31A}.Debug|Any CPU.ActiveCfg = Debug|Any CPU
		{A98BABF1-9B0F-480D-A43E-9A1251C8A31A}.Debug|Any CPU.Build.0 = Debug|Any CPU
		{A98BABF1-9B0F-480D-A43E-9A1251C8A31A}.Release|Any CPU.ActiveCfg = Release|Any CPU
		{A98BABF1-9B0F-480D-A43E-9A1251C8A31A}.Release|Any CPU.Build.0 = Release|Any CPU
	EndGlobalSection
	GlobalSection(SolutionProperties) = preSolution
		HideSolutionNode = FALSE
	EndGlobalSection
	GlobalSection(ExtensibilityGlobals) = postSolution
		SolutionGuid = {15C3A273-753A-4CB6-958B-876966FA9838}
	EndGlobalSection
EndGlobal
